
Microsoft Visual Studio Solution File, Format Version 12.00
# Visual Studio 15
VisualStudioVersion = 15.0.28010.2016
MinimumVisualStudioVersion = 10.0.40219.1
Project("{FAE04EC0-301F-11D3-BF4B-00C04F79EFBC}") = "EmployeesProject.Android", "EmployeesProject\EmployeesProject.Android\EmployeesProject.Android.csproj", "{12EA7FA1-11C4-4150-9A71-B89FAF7E785F}"
EndProject
Project("{FAE04EC0-301F-11D3-BF4B-00C04F79EFBC}") = "EmployeesProject.iOS", "EmployeesProject\EmployeesProject.iOS\EmployeesProject.iOS.csproj", "{E92B4F44-A18A-4E62-A12F-C0EFA386CB67}"
EndProject
Project("{FAE04EC0-301F-11D3-BF4B-00C04F79EFBC}") = "EmployeesProject", "EmployeesProject\EmployeesProject\EmployeesProject.csproj", "{80C6C9C0-39E9-43AD-BD00-EE45FDDBB6B1}"
EndProject
Global
	GlobalSection(SolutionConfigurationPlatforms) = preSolution
		Ad-Hoc|Any CPU = Ad-Hoc|Any CPU
		Ad-Hoc|iPhone = Ad-Hoc|iPhone
		Ad-Hoc|iPhoneSimulator = Ad-Hoc|iPhoneSimulator
		AppStore|Any CPU = AppStore|Any CPU
		AppStore|iPhone = AppStore|iPhone
		AppStore|iPhoneSimulator = AppStore|iPhoneSimulator
		Debug|Any CPU = Debug|Any CPU
		Debug|iPhone = Debug|iPhone
		Debug|iPhoneSimulator = Debug|iPhoneSimulator
		Release|Any CPU = Release|Any CPU
		Release|iPhone = Release|iPhone
		Release|iPhoneSimulator = Release|iPhoneSimulator
	EndGlobalSection
	GlobalSection(ProjectConfigurationPlatforms) = postSolution
		{12EA7FA1-11C4-4150-9A71-B89FAF7E785F}.Ad-Hoc|Any CPU.ActiveCfg = Release|Any CPU
		{12EA7FA1-11C4-4150-9A71-B89FAF7E785F}.Ad-Hoc|Any CPU.Build.0 = Release|Any CPU
		{12EA7FA1-11C4-4150-9A71-B89FAF7E785F}.Ad-Hoc|Any CPU.Deploy.0 = Release|Any CPU
		{12EA7FA1-11C4-4150-9A71-B89FAF7E785F}.Ad-Hoc|iPhone.ActiveCfg = Release|Any CPU
		{12EA7FA1-11C4-4150-9A71-B89FAF7E785F}.Ad-Hoc|iPhone.Build.0 = Release|Any CPU
		{12EA7FA1-11C4-4150-9A71-B89FAF7E785F}.Ad-Hoc|iPhone.Deploy.0 = Release|Any CPU
		{12EA7FA1-11C4-4150-9A71-B89FAF7E785F}.Ad-Hoc|iPhoneSimulator.ActiveCfg = Release|Any CPU
		{12EA7FA1-11C4-4150-9A71-B89FAF7E785F}.Ad-Hoc|iPhoneSimulator.Build.0 = Release|Any CPU
		{12EA7FA1-11C4-4150-9A71-B89FAF7E785F}.Ad-Hoc|iPhoneSimulator.Deploy.0 = Release|Any CPU
		{12EA7FA1-11C4-4150-9A71-B89FAF7E785F}.AppStore|Any CPU.ActiveCfg = Release|Any CPU
		{12EA7FA1-11C4-4150-9A71-B89FAF7E785F}.AppStore|Any CPU.Build.0 = Release|Any CPU
		{12EA7FA1-11C4-4150-9A71-B89FAF7E785F}.AppStore|Any CPU.Deploy.0 = Release|Any CPU
		{12EA7FA1-11C4-4150-9A71-B89FAF7E785F}.AppStore|iPhone.ActiveCfg = Release|Any CPU
		{12EA7FA1-11C4-4150-9A71-B89FAF7E785F}.AppStore|iPhone.Build.0 = Release|Any CPU
		{12EA7FA1-11C4-4150-9A71-B89FAF7E785F}.AppStore|iPhone.Deploy.0 = Release|Any CPU
		{12EA7FA1-11C4-4150-9A71-B89FAF7E785F}.AppStore|iPhoneSimulator.ActiveCfg = Release|Any CPU
		{12EA7FA1-11C4-4150-9A71-B89FAF7E785F}.AppStore|iPhoneSimulator.Build.0 = Release|Any CPU
		{12EA7FA1-11C4-4150-9A71-B89FAF7E785F}.AppStore|iPhoneSimulator.Deploy.0 = Release|Any CPU
		{12EA7FA1-11C4-4150-9A71-B89FAF7E785F}.Debug|Any CPU.ActiveCfg = Debug|Any CPU
		{12EA7FA1-11C4-4150-9A71-B89FAF7E785F}.Debug|Any CPU.Build.0 = Debug|Any CPU
		{12EA7FA1-11C4-4150-9A71-B89FAF7E785F}.Debug|Any CPU.Deploy.0 = Debug|Any CPU
		{12EA7FA1-11C4-4150-9A71-B89FAF7E785F}.Debug|iPhone.ActiveCfg = Debug|Any CPU
		{12EA7FA1-11C4-4150-9A71-B89FAF7E785F}.Debug|iPhone.Build.0 = Debug|Any CPU
		{12EA7FA1-11C4-4150-9A71-B89FAF7E785F}.Debug|iPhone.Deploy.0 = Debug|Any CPU
		{12EA7FA1-11C4-4150-9A71-B89FAF7E785F}.Debug|iPhoneSimulator.ActiveCfg = Debug|Any CPU
		{12EA7FA1-11C4-4150-9A71-B89FAF7E785F}.Debug|iPhoneSimulator.Build.0 = Debug|Any CPU
		{12EA7FA1-11C4-4150-9A71-B89FAF7E785F}.Debug|iPhoneSimulator.Deploy.0 = Debug|Any CPU
		{12EA7FA1-11C4-4150-9A71-B89FAF7E785F}.Release|Any CPU.ActiveCfg = Release|Any CPU
		{12EA7FA1-11C4-4150-9A71-B89FAF7E785F}.Release|Any CPU.Build.0 = Release|Any CPU
		{12EA7FA1-11C4-4150-9A71-B89FAF7E785F}.Release|Any CPU.Deploy.0 = Release|Any CPU
		{12EA7FA1-11C4-4150-9A71-B89FAF7E785F}.Release|iPhone.ActiveCfg = Release|Any CPU
		{12EA7FA1-11C4-4150-9A71-B89FAF7E785F}.Release|iPhone.Build.0 = Release|Any CPU
		{12EA7FA1-11C4-4150-9A71-B89FAF7E785F}.Release|iPhone.Deploy.0 = Release|Any CPU
		{12EA7FA1-11C4-4150-9A71-B89FAF7E785F}.Release|iPhoneSimulator.ActiveCfg = Release|Any CPU
		{12EA7FA1-11C4-4150-9A71-B89FAF7E785F}.Release|iPhoneSimulator.Build.0 = Release|Any CPU
		{12EA7FA1-11C4-4150-9A71-B89FAF7E785F}.Release|iPhoneSimulator.Deploy.0 = Release|Any CPU
		{E92B4F44-A18A-4E62-A12F-C0EFA386CB67}.Ad-Hoc|Any CPU.ActiveCfg = Ad-Hoc|iPhone
		{E92B4F44-A18A-4E62-A12F-C0EFA386CB67}.Ad-Hoc|Any CPU.Build.0 = Ad-Hoc|iPhone
		{E92B4F44-A18A-4E62-A12F-C0EFA386CB67}.Ad-Hoc|Any CPU.Deploy.0 = Ad-Hoc|iPhone
		{E92B4F44-A18A-4E62-A12F-C0EFA386CB67}.Ad-Hoc|iPhone.ActiveCfg = Ad-Hoc|iPhone
		{E92B4F44-A18A-4E62-A12F-C0EFA386CB67}.Ad-Hoc|iPhone.Build.0 = Ad-Hoc|iPhone
		{E92B4F44-A18A-4E62-A12F-C0EFA386CB67}.Ad-Hoc|iPhone.Deploy.0 = Ad-Hoc|iPhone
		{E92B4F44-A18A-4E62-A12F-C0EFA386CB67}.Ad-Hoc|iPhoneSimulator.ActiveCfg = Ad-Hoc|iPhoneSimulator
		{E92B4F44-A18A-4E62-A12F-C0EFA386CB67}.Ad-Hoc|iPhoneSimulator.Build.0 = Ad-Hoc|iPhoneSimulator
		{E92B4F44-A18A-4E62-A12F-C0EFA386CB67}.Ad-Hoc|iPhoneSimulator.Deploy.0 = Ad-Hoc|iPhoneSimulator
		{E92B4F44-A18A-4E62-A12F-C0EFA386CB67}.AppStore|Any CPU.ActiveCfg = AppStore|iPhone
		{E92B4F44-A18A-4E62-A12F-C0EFA386CB67}.AppStore|Any CPU.Build.0 = AppStore|iPhone
		{E92B4F44-A18A-4E62-A12F-C0EFA386CB67}.AppStore|Any CPU.Deploy.0 = AppStore|iPhone
		{E92B4F44-A18A-4E62-A12F-C0EFA386CB67}.AppStore|iPhone.ActiveCfg = AppStore|iPhone
		{E92B4F44-A18A-4E62-A12F-C0EFA386CB67}.AppStore|iPhone.Build.0 = AppStore|iPhone
		{E92B4F44-A18A-4E62-A12F-C0EFA386CB67}.AppStore|iPhone.Deploy.0 = AppStore|iPhone
		{E92B4F44-A18A-4E62-A12F-C0EFA386CB67}.AppStore|iPhoneSimulator.ActiveCfg = AppStore|iPhoneSimulator
		{E92B4F44-A18A-4E62-A12F-C0EFA386CB67}.AppStore|iPhoneSimulator.Build.0 = AppStore|iPhoneSimulator
		{E92B4F44-A18A-4E62-A12F-C0EFA386CB67}.AppStore|iPhoneSimulator.Deploy.0 = AppStore|iPhoneSimulator
		{E92B4F44-A18A-4E62-A12F-C0EFA386CB67}.Debug|Any CPU.ActiveCfg = Debug|iPhoneSimulator
		{E92B4F44-A18A-4E62-A12F-C0EFA386CB67}.Debug|Any CPU.Build.0 = Debug|iPhoneSimulator
		{E92B4F44-A18A-4E62-A12F-C0EFA386CB67}.Debug|Any CPU.Deploy.0 = Debug|iPhoneSimulator
		{E92B4F44-A18A-4E62-A12F-C0EFA386CB67}.Debug|iPhone.ActiveCfg = Debug|iPhone
		{E92B4F44-A18A-4E62-A12F-C0EFA386CB67}.Debug|iPhone.Build.0 = Debug|iPhone
		{E92B4F44-A18A-4E62-A12F-C0EFA386CB67}.Debug|iPhone.Deploy.0 = Debug|iPhone
		{E92B4F44-A18A-4E62-A12F-C0EFA386CB67}.Debug|iPhoneSimulator.ActiveCfg = Debug|iPhoneSimulator
		{E92B4F44-A18A-4E62-A12F-C0EFA386CB67}.Debug|iPhoneSimulator.Build.0 = Debug|iPhoneSimulator
		{E92B4F44-A18A-4E62-A12F-C0EFA386CB67}.Debug|iPhoneSimulator.Deploy.0 = Debug|iPhoneSimulator
		{E92B4F44-A18A-4E62-A12F-C0EFA386CB67}.Release|Any CPU.ActiveCfg = Release|iPhone
		{E92B4F44-A18A-4E62-A12F-C0EFA386CB67}.Release|Any CPU.Build.0 = Release|iPhone
		{E92B4F44-A18A-4E62-A12F-C0EFA386CB67}.Release|Any CPU.Deploy.0 = Release|iPhone
		{E92B4F44-A18A-4E62-A12F-C0EFA386CB67}.Release|iPhone.ActiveCfg = Release|iPhone
		{E92B4F44-A18A-4E62-A12F-C0EFA386CB67}.Release|iPhone.Build.0 = Release|iPhone
		{E92B4F44-A18A-4E62-A12F-C0EFA386CB67}.Release|iPhone.Deploy.0 = Release|iPhone
		{E92B4F44-A18A-4E62-A12F-C0EFA386CB67}.Release|iPhoneSimulator.ActiveCfg = Release|iPhoneSimulator
		{E92B4F44-A18A-4E62-A12F-C0EFA386CB67}.Release|iPhoneSimulator.Build.0 = Release|iPhoneSimulator
		{E92B4F44-A18A-4E62-A12F-C0EFA386CB67}.Release|iPhoneSimulator.Deploy.0 = Release|iPhoneSimulator
		{80C6C9C0-39E9-43AD-BD00-EE45FDDBB6B1}.Ad-Hoc|Any CPU.ActiveCfg = Debug|Any CPU
		{80C6C9C0-39E9-43AD-BD00-EE45FDDBB6B1}.Ad-Hoc|Any CPU.Build.0 = Debug|Any CPU
		{80C6C9C0-39E9-43AD-BD00-EE45FDDBB6B1}.Ad-Hoc|Any CPU.Deploy.0 = Debug|Any CPU
		{80C6C9C0-39E9-43AD-BD00-EE45FDDBB6B1}.Ad-Hoc|iPhone.ActiveCfg = Debug|Any CPU
		{80C6C9C0-39E9-43AD-BD00-EE45FDDBB6B1}.Ad-Hoc|iPhone.Build.0 = Debug|Any CPU
		{80C6C9C0-39E9-43AD-BD00-EE45FDDBB6B1}.Ad-Hoc|iPhone.Deploy.0 = Debug|Any CPU
		{80C6C9C0-39E9-43AD-BD00-EE45FDDBB6B1}.Ad-Hoc|iPhoneSimulator.ActiveCfg = Debug|Any CPU
		{80C6C9C0-39E9-43AD-BD00-EE45FDDBB6B1}.Ad-Hoc|iPhoneSimulator.Build.0 = Debug|Any CPU
		{80C6C9C0-39E9-43AD-BD00-EE45FDDBB6B1}.Ad-Hoc|iPhoneSimulator.Deploy.0 = Debug|Any CPU
		{80C6C9C0-39E9-43AD-BD00-EE45FDDBB6B1}.AppStore|Any CPU.ActiveCfg = Debug|Any CPU
		{80C6C9C0-39E9-43AD-BD00-EE45FDDBB6B1}.AppStore|Any CPU.Build.0 = Debug|Any CPU
		{80C6C9C0-39E9-43AD-BD00-EE45FDDBB6B1}.AppStore|Any CPU.Deploy.0 = Debug|Any CPU
		{80C6C9C0-39E9-43AD-BD00-EE45FDDBB6B1}.AppStore|iPhone.ActiveCfg = Debug|Any CPU
		{80C6C9C0-39E9-43AD-BD00-EE45FDDBB6B1}.AppStore|iPhone.Build.0 = Debug|Any CPU
		{80C6C9C0-39E9-43AD-BD00-EE45FDDBB6B1}.AppStore|iPhone.Deploy.0 = Debug|Any CPU
		{80C6C9C0-39E9-43AD-BD00-EE45FDDBB6B1}.AppStore|iPhoneSimulator.ActiveCfg = Debug|Any CPU
		{80C6C9C0-39E9-43AD-BD00-EE45FDDBB6B1}.AppStore|iPhoneSimulator.Build.0 = Debug|Any CPU
		{80C6C9C0-39E9-43AD-BD00-EE45FDDBB6B1}.AppStore|iPhoneSimulator.Deploy.0 = Debug|Any CPU
		{80C6C9C0-39E9-43AD-BD00-EE45FDDBB6B1}.Debug|Any CPU.ActiveCfg = Debug|Any CPU
		{80C6C9C0-39E9-43AD-BD00-EE45FDDBB6B1}.Debug|Any CPU.Build.0 = Debug|Any CPU
		{80C6C9C0-39E9-43AD-BD00-EE45FDDBB6B1}.Debug|Any CPU.Deploy.0 = Debug|Any CPU
		{80C6C9C0-39E9-43AD-BD00-EE45FDDBB6B1}.Debug|iPhone.ActiveCfg = Debug|Any CPU
		{80C6C9C0-39E9-43AD-BD00-EE45FDDBB6B1}.Debug|iPhone.Build.0 = Debug|Any CPU
		{80C6C9C0-39E9-43AD-BD00-EE45FDDBB6B1}.Debug|iPhone.Deploy.0 = Debug|Any CPU
		{80C6C9C0-39E9-43AD-BD00-EE45FDDBB6B1}.Debug|iPhoneSimulator.ActiveCfg = Debug|Any CPU
		{80C6C9C0-39E9-43AD-BD00-EE45FDDBB6B1}.Debug|iPhoneSimulator.Build.0 = Debug|Any CPU
		{80C6C9C0-39E9-43AD-BD00-EE45FDDBB6B1}.Debug|iPhoneSimulator.Deploy.0 = Debug|Any CPU
		{80C6C9C0-39E9-43AD-BD00-EE45FDDBB6B1}.Release|Any CPU.ActiveCfg = Release|Any CPU
		{80C6C9C0-39E9-43AD-BD00-EE45FDDBB6B1}.Release|Any CPU.Build.0 = Release|Any CPU
		{80C6C9C0-39E9-43AD-BD00-EE45FDDBB6B1}.Release|Any CPU.Deploy.0 = Release|Any CPU
		{80C6C9C0-39E9-43AD-BD00-EE45FDDBB6B1}.Release|iPhone.ActiveCfg = Release|Any CPU
		{80C6C9C0-39E9-43AD-BD00-EE45FDDBB6B1}.Release|iPhone.Build.0 = Release|Any CPU
		{80C6C9C0-39E9-43AD-BD00-EE45FDDBB6B1}.Release|iPhone.Deploy.0 = Release|Any CPU
		{80C6C9C0-39E9-43AD-BD00-EE45FDDBB6B1}.Release|iPhoneSimulator.ActiveCfg = Release|Any CPU
		{80C6C9C0-39E9-43AD-BD00-EE45FDDBB6B1}.Release|iPhoneSimulator.Build.0 = Release|Any CPU
		{80C6C9C0-39E9-43AD-BD00-EE45FDDBB6B1}.Release|iPhoneSimulator.Deploy.0 = Release|Any CPU
	EndGlobalSection
	GlobalSection(SolutionProperties) = preSolution
		HideSolutionNode = FALSE
	EndGlobalSection
	GlobalSection(ExtensibilityGlobals) = postSolution
		SolutionGuid = {23C3F786-AE82-4647-9B51-BACAD97D3147}
	EndGlobalSection
EndGlobal
